
Microsoft Visual Studio Solution File, Format Version 12.00
# Visual Studio Version 17
VisualStudioVersion = 17.10.35122.118
MinimumVisualStudioVersion = 10.0.40219.1
Project("{9A19103F-16F7-4668-BE54-9A1E7A4F7556}") = "SummerhouseFlipped", "SummerhouseFlipped.csproj", "{DF620309-62B9-44A0-B9E5-D3C88BF339DF}"
EndProject
Global
	GlobalSection(SolutionConfigurationPlatforms) = preSolution
		Debug|Any CPU = Debug|Any CPU
		Release|Any CPU = Release|Any CPU
	EndGlobalSection
	GlobalSection(ProjectConfigurationPlatforms) = postSolution
		{DF620309-62B9-44A0-B9E5-D3C88BF339DF}.Debug|Any CPU.ActiveCfg = Debug|Any CPU
		{DF620309-62B9-44A0-B9E5-D3C88BF339DF}.Debug|Any CPU.Build.0 = Debug|Any CPU
		{DF620309-62B9-44A0-B9E5-D3C88BF339DF}.Release|Any CPU.ActiveCfg = Release|Any CPU
		{DF620309-62B9-44A0-B9E5-D3C88BF339DF}.Release|Any CPU.Build.0 = Release|Any CPU
	EndGlobalSection
	GlobalSection(SolutionProperties) = preSolution
		HideSolutionNode = FALSE
	EndGlobalSection
	GlobalSection(ExtensibilityGlobals) = postSolution
		SolutionGuid = {D66B07E7-DE27-4986-95CA-167FD42FF37E}
	EndGlobalSection
EndGlobal
